github.com/adrg/strutil v0.2.2 h1:XSd9+o2xaOon2oRum0JymNT+f0nfLiAiDzGOcjcIsMI=
github.com/adrg/strutil v0.2.2/go.mod h1:EF2fjOFlGTepljfI+FzgTG13oXthR7ZAil9/aginnNQ=
github.com/adrg/sysfont v0.1.2 h1:MSU3KREM4RhsQ+7QgH7wPEPTgAgBIz0Hw6Nd4u7QgjE=
github.com/adrg/sysfont v0.1.2/go.mod h1:6d3l7/BSjX9VaeXWJt9fcrftFaD/t7l11xgSywCPZGk=
github.com/adrg/xdg v0.3.0 h1:BO+k4wFj0IoTolBF1Apn8oZrX3LQrEbBA8+/9vyW9J4=
github.com/adrg/xdg v0.3.0/go.mod h1:7I2hH/IT30IsupOpKZ5ue7/qNi3CoKzD6tL3HwpaRMQ=
github.com/davecgh/go-spew v1.1.0/go.mod h1:J7Y8YcW2NihsgmVo/mv3lAwl/skON4iLHjSsI+c5H38=
github.com/jlortiz0/multisav/streamy v1.3.0 h1:fGmK4y2icPc6UjyJA4juxJcyaBCU6bt+CnDvqb/n9rA=
github.com/jlortiz0/multisav/streamy v1.3.0/go.mod h1:Mz8jW1rTk/uVMxNj9tBmgWIBxbZ/li4ag2xBHGmQos0=
github.com/jlortiz0/multisav/streamy v1.3.1 h1:qAqzYH1lmPwdMv9BFxKBu+HqEAKvkt2+q5t9lwUt4ag=
github.com/jlortiz0/multisav/streamy v1.3.1/go.mod h1:Mz8jW1rTk/uVMxNj9tBmgWIBxbZ/li4ag2xBHGmQos0=
github.com/pmezard/go-difflib v1.0.0/go.mod h1:iKH77koFhYxTK1pcRnkKkqfTogsbg7gZNVY4sRDYZ/4=
github.com/stretchr/objx v0.1.0/go.mod h1:HFkY916IF+rwdDfMAkV7OtwuqBVzrE8GR6GFx+wExME=
github.com/stretchr/testify v1.6.1/go.mod h1:6Fq8oRcR53rry900zMqJjRRixrwX3KX962/h/Wwjteg=
github.com/veandco/go-sdl2 v0.4.34 h1:dqbUhV/SSJ35grdYTLv3iVxtO1NzNmgzMV//hyCyypY=
github.com/veandco/go-sdl2 v0.4.34/go.mod h1:OROqMhHD43nT4/i9crJukyVecjPNYYuCofep6SNiAjY=
gopkg.in/check.v1 v0.0.0-20161208181325-20d25e280405/go.mod h1:Co6ibVJAznAaIkqp8huTwlJQCZ016jof/cbN4VW5Yz0=
gopkg.in/yaml.v3 v3.0.0-20200313102051-9f266ea9e77c/go.mod h1:K4uyk7z7BCEPqu6E+C64Yfv1cQ7kz7rIZviUmN+EgEM=
